
Microsoft Visual Studio Solution File, Format Version 12.00
# Visual Studio Version 17
VisualStudioVersion = 17.14.36414.22
MinimumVisualStudioVersion = 10.0.40219.1
Project("{2150E333-8FDC-42A3-9474-1A3956D46DE8}") = "0.1 Utilitarios", "0.1 Utilitarios", "{02EA681E-C7D8-13C7-8484-4AC65E1B71E8}"
EndProject
Project("{2150E333-8FDC-42A3-9474-1A3956D46DE8}") = "0.2 POS", "0.2 POS", "{65B1114E-4909-4EFC-A6C7-2EAAAF16F848}"
EndProject
Project("{2150E333-8FDC-42A3-9474-1A3956D46DE8}") = "0.1 Core", "0.1 Core", "{ECF03BA4-E6CB-4DF6-999F-90452E7EDD59}"
EndProject
Project("{2150E333-8FDC-42A3-9474-1A3956D46DE8}") = "0.2 Infraestructura", "0.2 Infraestructura", "{86218A79-55F3-4CE1-A748-AF5558A56288}"
EndProject
Project("{FAE04EC0-301F-11D3-BF4B-00C04F79EFBC}") = "InfraestructuraPOS", "InfraestructuraPos\InfraestructuraPOS.csproj", "{397802C2-8870-4B91-80A4-C16AF9729BEF}"
EndProject
Project("{2150E333-8FDC-42A3-9474-1A3956D46DE8}") = "0.3 Api", "0.3 Api", "{E6D5D02C-2BA4-4896-ACE8-7BA3B20DBC20}"
EndProject
Project("{FAE04EC0-301F-11D3-BF4B-00C04F79EFBC}") = "MicroServiciosPOS", "MicroServiciosPOS\MicroServiciosPOS.csproj", "{0A349E6A-7E8E-412B-8C7C-7CACE714F658}"
EndProject
Project("{FAE04EC0-301F-11D3-BF4B-00C04F79EFBC}") = "CorePOS", "CorePOS\CorePOS.csproj", "{73426DCB-15E0-6AD4-32A3-457F9671CC59}"
EndProject
Project("{FAE04EC0-301F-11D3-BF4B-00C04F79EFBC}") = "Utilitarios", "..\Utilitarios\Utilitarios\Utilitarios.csproj", "{05A94981-98FF-B0FD-32A0-141004B3CF27}"
EndProject
Global
	GlobalSection(SolutionConfigurationPlatforms) = preSolution
		Debug|Any CPU = Debug|Any CPU
		Release|Any CPU = Release|Any CPU
	EndGlobalSection
	GlobalSection(ProjectConfigurationPlatforms) = postSolution
		{397802C2-8870-4B91-80A4-C16AF9729BEF}.Debug|Any CPU.ActiveCfg = Debug|Any CPU
		{397802C2-8870-4B91-80A4-C16AF9729BEF}.Debug|Any CPU.Build.0 = Debug|Any CPU
		{397802C2-8870-4B91-80A4-C16AF9729BEF}.Release|Any CPU.ActiveCfg = Release|Any CPU
		{397802C2-8870-4B91-80A4-C16AF9729BEF}.Release|Any CPU.Build.0 = Release|Any CPU
		{0A349E6A-7E8E-412B-8C7C-7CACE714F658}.Debug|Any CPU.ActiveCfg = Debug|Any CPU
		{0A349E6A-7E8E-412B-8C7C-7CACE714F658}.Debug|Any CPU.Build.0 = Debug|Any CPU
		{0A349E6A-7E8E-412B-8C7C-7CACE714F658}.Release|Any CPU.ActiveCfg = Release|Any CPU
		{0A349E6A-7E8E-412B-8C7C-7CACE714F658}.Release|Any CPU.Build.0 = Release|Any CPU
		{73426DCB-15E0-6AD4-32A3-457F9671CC59}.Debug|Any CPU.ActiveCfg = Debug|Any CPU
		{73426DCB-15E0-6AD4-32A3-457F9671CC59}.Debug|Any CPU.Build.0 = Debug|Any CPU
		{73426DCB-15E0-6AD4-32A3-457F9671CC59}.Release|Any CPU.ActiveCfg = Release|Any CPU
		{73426DCB-15E0-6AD4-32A3-457F9671CC59}.Release|Any CPU.Build.0 = Release|Any CPU
		{05A94981-98FF-B0FD-32A0-141004B3CF27}.Debug|Any CPU.ActiveCfg = Debug|Any CPU
		{05A94981-98FF-B0FD-32A0-141004B3CF27}.Debug|Any CPU.Build.0 = Debug|Any CPU
		{05A94981-98FF-B0FD-32A0-141004B3CF27}.Release|Any CPU.ActiveCfg = Release|Any CPU
		{05A94981-98FF-B0FD-32A0-141004B3CF27}.Release|Any CPU.Build.0 = Release|Any CPU
	EndGlobalSection
	GlobalSection(SolutionProperties) = preSolution
		HideSolutionNode = FALSE
	EndGlobalSection
	GlobalSection(NestedProjects) = preSolution
		{ECF03BA4-E6CB-4DF6-999F-90452E7EDD59} = {65B1114E-4909-4EFC-A6C7-2EAAAF16F848}
		{86218A79-55F3-4CE1-A748-AF5558A56288} = {65B1114E-4909-4EFC-A6C7-2EAAAF16F848}
		{397802C2-8870-4B91-80A4-C16AF9729BEF} = {86218A79-55F3-4CE1-A748-AF5558A56288}
		{E6D5D02C-2BA4-4896-ACE8-7BA3B20DBC20} = {65B1114E-4909-4EFC-A6C7-2EAAAF16F848}
		{0A349E6A-7E8E-412B-8C7C-7CACE714F658} = {E6D5D02C-2BA4-4896-ACE8-7BA3B20DBC20}
		{73426DCB-15E0-6AD4-32A3-457F9671CC59} = {ECF03BA4-E6CB-4DF6-999F-90452E7EDD59}
		{05A94981-98FF-B0FD-32A0-141004B3CF27} = {02EA681E-C7D8-13C7-8484-4AC65E1B71E8}
	EndGlobalSection
	GlobalSection(ExtensibilityGlobals) = postSolution
		SolutionGuid = {C275FFF7-2006-437C-AE70-1899AAD580BF}
	EndGlobalSection
EndGlobal
